
Microsoft Visual Studio Solution File, Format Version 12.00
# Visual Studio Version 17
VisualStudioVersion = 17.7.34024.191
MinimumVisualStudioVersion = 10.0.40219.1
Project("{FAE04EC0-301F-11D3-BF4B-00C04F79EFBC}") = "Lab5_1", "Lab5_1.csproj", "{9D0FDBBA-34C3-4161-A293-EB08BDCF24A6}"
EndProject
Global
	GlobalSection(SolutionConfigurationPlatforms) = preSolution
		Debug|Any CPU = Debug|Any CPU
		Release|Any CPU = Release|Any CPU
	EndGlobalSection
	GlobalSection(ProjectConfigurationPlatforms) = postSolution
		{9D0FDBBA-34C3-4161-A293-EB08BDCF24A6}.Debug|Any CPU.ActiveCfg = Debug|Any CPU
		{9D0FDBBA-34C3-4161-A293-EB08BDCF24A6}.Debug|Any CPU.Build.0 = Debug|Any CPU
		{9D0FDBBA-34C3-4161-A293-EB08BDCF24A6}.Release|Any CPU.ActiveCfg = Release|Any CPU
		{9D0FDBBA-34C3-4161-A293-EB08BDCF24A6}.Release|Any CPU.Build.0 = Release|Any CPU
	EndGlobalSection
	GlobalSection(SolutionProperties) = preSolution
		HideSolutionNode = FALSE
	EndGlobalSection
	GlobalSection(ExtensibilityGlobals) = postSolution
		SolutionGuid = {B921833F-CA1B-4177-848E-53B352759DFB}
	EndGlobalSection
EndGlobal
